
Microsoft Visual Studio Solution File, Format Version 12.00
# Visual Studio Version 16
VisualStudioVersion = 16.0.30413.136
MinimumVisualStudioVersion = 10.0.40219.1
Project("{9A19103F-16F7-4668-BE54-9A1E7A4F7556}") = "Session02Exercise01", "Session02Exercise01\Session02Exercise01.csproj", "{9FDE7B97-4460-4B9B-872E-6774D733B142}"
EndProject
Project("{9A19103F-16F7-4668-BE54-9A1E7A4F7556}") = "Session02Exercise02", "Session02Exercise02\Session02Exercise02.csproj", "{8793D6ED-833F-482D-8831-84633F42D631}"
EndProject
Project("{FAE04EC0-301F-11D3-BF4B-00C04F79EFBC}") = "Session03Exercise01", "..\..\Session03\Session03Exercise01\Session03Exercise01.csproj", "{B2D8F3E9-0678-4EC9-B87A-1157A3624571}"
EndProject
Project("{FAE04EC0-301F-11D3-BF4B-00C04F79EFBC}") = "Session03Exercise02", "..\..\Session03\Session03Exercise02\Session03Exercise02.csproj", "{B7EF7F20-A877-40F4-A786-CDA65F2ABBDA}"
EndProject
Global
	GlobalSection(SolutionConfigurationPlatforms) = preSolution
		Debug|Any CPU = Debug|Any CPU
		Release|Any CPU = Release|Any CPU
	EndGlobalSection
	GlobalSection(ProjectConfigurationPlatforms) = postSolution
		{9FDE7B97-4460-4B9B-872E-6774D733B142}.Debug|Any CPU.ActiveCfg = Debug|Any CPU
		{9FDE7B97-4460-4B9B-872E-6774D733B142}.Debug|Any CPU.Build.0 = Debug|Any CPU
		{9FDE7B97-4460-4B9B-872E-6774D733B142}.Release|Any CPU.ActiveCfg = Release|Any CPU
		{9FDE7B97-4460-4B9B-872E-6774D733B142}.Release|Any CPU.Build.0 = Release|Any CPU
		{8793D6ED-833F-482D-8831-84633F42D631}.Debug|Any CPU.ActiveCfg = Debug|Any CPU
		{8793D6ED-833F-482D-8831-84633F42D631}.Debug|Any CPU.Build.0 = Debug|Any CPU
		{8793D6ED-833F-482D-8831-84633F42D631}.Release|Any CPU.ActiveCfg = Release|Any CPU
		{8793D6ED-833F-482D-8831-84633F42D631}.Release|Any CPU.Build.0 = Release|Any CPU
		{B2D8F3E9-0678-4EC9-B87A-1157A3624571}.Debug|Any CPU.ActiveCfg = Debug|Any CPU
		{B2D8F3E9-0678-4EC9-B87A-1157A3624571}.Debug|Any CPU.Build.0 = Debug|Any CPU
		{B2D8F3E9-0678-4EC9-B87A-1157A3624571}.Release|Any CPU.ActiveCfg = Release|Any CPU
		{B2D8F3E9-0678-4EC9-B87A-1157A3624571}.Release|Any CPU.Build.0 = Release|Any CPU
		{B7EF7F20-A877-40F4-A786-CDA65F2ABBDA}.Debug|Any CPU.ActiveCfg = Debug|Any CPU
		{B7EF7F20-A877-40F4-A786-CDA65F2ABBDA}.Debug|Any CPU.Build.0 = Debug|Any CPU
		{B7EF7F20-A877-40F4-A786-CDA65F2ABBDA}.Release|Any CPU.ActiveCfg = Release|Any CPU
		{B7EF7F20-A877-40F4-A786-CDA65F2ABBDA}.Release|Any CPU.Build.0 = Release|Any CPU
	EndGlobalSection
	GlobalSection(SolutionProperties) = preSolution
		HideSolutionNode = FALSE
	EndGlobalSection
	GlobalSection(ExtensibilityGlobals) = postSolution
		SolutionGuid = {2DEFC9B7-9026-49FF-A263-0BBFB6D42136}
	EndGlobalSection
EndGlobal
