
Microsoft Visual Studio Solution File, Format Version 12.00
# Visual Studio Version 16
VisualStudioVersion = 16.0.30413.136
MinimumVisualStudioVersion = 10.0.40219.1
Project("{FAE04EC0-301F-11D3-BF4B-00C04F79EFBC}") = "Session02Exercise02", "Session02Exercise02\Session02Exercise02.csproj", "{AEAF1B22-07E5-42A0-A62A-24E8E8EFE6FE}"
EndProject
Global
	GlobalSection(SolutionConfigurationPlatforms) = preSolution
		Debug|Any CPU = Debug|Any CPU
		Release|Any CPU = Release|Any CPU
	EndGlobalSection
	GlobalSection(ProjectConfigurationPlatforms) = postSolution
		{AEAF1B22-07E5-42A0-A62A-24E8E8EFE6FE}.Debug|Any CPU.ActiveCfg = Debug|Any CPU
		{AEAF1B22-07E5-42A0-A62A-24E8E8EFE6FE}.Debug|Any CPU.Build.0 = Debug|Any CPU
		{AEAF1B22-07E5-42A0-A62A-24E8E8EFE6FE}.Release|Any CPU.ActiveCfg = Release|Any CPU
		{AEAF1B22-07E5-42A0-A62A-24E8E8EFE6FE}.Release|Any CPU.Build.0 = Release|Any CPU
	EndGlobalSection
	GlobalSection(SolutionProperties) = preSolution
		HideSolutionNode = FALSE
	EndGlobalSection
	GlobalSection(ExtensibilityGlobals) = postSolution
		SolutionGuid = {A19D9F24-795D-4C26-9B6D-DFC2863E31D2}
	EndGlobalSection
EndGlobal
